<Solution>
  <Project Path="TotpManager.Core/TotpManager.Core.csproj" />
  <Project Path="TotpManager.Tool/TotpManager.Tool.csproj" />
  <Project Path="TotpManager.Web/TotpManager.Web.csproj" />
  <Project Path="TotpManagerSpa/TotpManagerSpa.csproj" />
  <Project Path="TotpManager.Maui/TotpManager.Maui.csproj" />
</Solution>
